
Microsoft Visual Studio Solution File, Format Version 12.00
# Visual Studio 15
VisualStudioVersion = 15.0.27004.2010
MinimumVisualStudioVersion = 10.0.40219.1
Project("{FAE04EC0-301F-11D3-BF4B-00C04F79EFBC}") = "FinalExaminationM4", "FinalExaminationM4\FinalExaminationM4.csproj", "{5BAFF60B-33F2-4DCB-9A4C-B69559F6B5AE}"
EndProject
Project("{FAE04EC0-301F-11D3-BF4B-00C04F79EFBC}") = "EFLibrary", "EFLibrary\EFLibrary.csproj", "{9A8410B7-3074-46CA-9A6A-C7B226B217C1}"
EndProject
Global
	GlobalSection(SolutionConfigurationPlatforms) = preSolution
		Debug|Any CPU = Debug|Any CPU
		Release|Any CPU = Release|Any CPU
	EndGlobalSection
	GlobalSection(ProjectConfigurationPlatforms) = postSolution
		{5BAFF60B-33F2-4DCB-9A4C-B69559F6B5AE}.Debug|Any CPU.ActiveCfg = Debug|Any CPU
		{5BAFF60B-33F2-4DCB-9A4C-B69559F6B5AE}.Debug|Any CPU.Build.0 = Debug|Any CPU
		{5BAFF60B-33F2-4DCB-9A4C-B69559F6B5AE}.Release|Any CPU.ActiveCfg = Release|Any CPU
		{5BAFF60B-33F2-4DCB-9A4C-B69559F6B5AE}.Release|Any CPU.Build.0 = Release|Any CPU
		{9A8410B7-3074-46CA-9A6A-C7B226B217C1}.Debug|Any CPU.ActiveCfg = Debug|Any CPU
		{9A8410B7-3074-46CA-9A6A-C7B226B217C1}.Debug|Any CPU.Build.0 = Debug|Any CPU
		{9A8410B7-3074-46CA-9A6A-C7B226B217C1}.Release|Any CPU.ActiveCfg = Release|Any CPU
		{9A8410B7-3074-46CA-9A6A-C7B226B217C1}.Release|Any CPU.Build.0 = Release|Any CPU
	EndGlobalSection
	GlobalSection(SolutionProperties) = preSolution
		HideSolutionNode = FALSE
	EndGlobalSection
	GlobalSection(ExtensibilityGlobals) = postSolution
		SolutionGuid = {8A436DA1-3104-4929-8B70-798F1746EAFF}
	EndGlobalSection
EndGlobal
