
Microsoft Visual Studio Solution File, Format Version 12.00
# Visual Studio 15
VisualStudioVersion = 15.0.27004.2010
MinimumVisualStudioVersion = 10.0.40219.1
Project("{FAE04EC0-301F-11D3-BF4B-00C04F79EFBC}") = "ConsoleApp1", "ConsoleApp1\ConsoleApp1.csproj", "{68155FD9-9D37-4350-B32F-5B4BCD17151E}"
EndProject
Global
	GlobalSection(SolutionConfigurationPlatforms) = preSolution
		Debug|Any CPU = Debug|Any CPU
		Release|Any CPU = Release|Any CPU
	EndGlobalSection
	GlobalSection(ProjectConfigurationPlatforms) = postSolution
		{68155FD9-9D37-4350-B32F-5B4BCD17151E}.Debug|Any CPU.ActiveCfg = Debug|Any CPU
		{68155FD9-9D37-4350-B32F-5B4BCD17151E}.Debug|Any CPU.Build.0 = Debug|Any CPU
		{68155FD9-9D37-4350-B32F-5B4BCD17151E}.Release|Any CPU.ActiveCfg = Release|Any CPU
		{68155FD9-9D37-4350-B32F-5B4BCD17151E}.Release|Any CPU.Build.0 = Release|Any CPU
	EndGlobalSection
	GlobalSection(SolutionProperties) = preSolution
		HideSolutionNode = FALSE
	EndGlobalSection
	GlobalSection(ExtensibilityGlobals) = postSolution
		SolutionGuid = {6C2E503E-3BAA-49C2-8C18-432D9FA4571A}
	EndGlobalSection
EndGlobal
