
Microsoft Visual Studio Solution File, Format Version 12.00
# Visual Studio 15
VisualStudioVersion = 15.0.27004.2010
MinimumVisualStudioVersion = 10.0.40219.1
Project("{FAE04EC0-301F-11D3-BF4B-00C04F79EFBC}") = "Program", "Program\Program.csproj", "{06115327-8AD8-4011-A2B8-EA4A91C91847}"
EndProject
Project("{FAE04EC0-301F-11D3-BF4B-00C04F79EFBC}") = "DataAccessEF", "DataAccessEF\DataAccessEF.csproj", "{CA781071-C4A9-437B-B63F-C46C1713CDA1}"
EndProject
Global
	GlobalSection(SolutionConfigurationPlatforms) = preSolution
		Debug|Any CPU = Debug|Any CPU
		Release|Any CPU = Release|Any CPU
	EndGlobalSection
	GlobalSection(ProjectConfigurationPlatforms) = postSolution
		{06115327-8AD8-4011-A2B8-EA4A91C91847}.Debug|Any CPU.ActiveCfg = Debug|Any CPU
		{06115327-8AD8-4011-A2B8-EA4A91C91847}.Debug|Any CPU.Build.0 = Debug|Any CPU
		{06115327-8AD8-4011-A2B8-EA4A91C91847}.Release|Any CPU.ActiveCfg = Release|Any CPU
		{06115327-8AD8-4011-A2B8-EA4A91C91847}.Release|Any CPU.Build.0 = Release|Any CPU
		{CA781071-C4A9-437B-B63F-C46C1713CDA1}.Debug|Any CPU.ActiveCfg = Debug|Any CPU
		{CA781071-C4A9-437B-B63F-C46C1713CDA1}.Debug|Any CPU.Build.0 = Debug|Any CPU
		{CA781071-C4A9-437B-B63F-C46C1713CDA1}.Release|Any CPU.ActiveCfg = Release|Any CPU
		{CA781071-C4A9-437B-B63F-C46C1713CDA1}.Release|Any CPU.Build.0 = Release|Any CPU
	EndGlobalSection
	GlobalSection(SolutionProperties) = preSolution
		HideSolutionNode = FALSE
	EndGlobalSection
	GlobalSection(ExtensibilityGlobals) = postSolution
		SolutionGuid = {24151774-EDD6-41C4-AFC0-81C023117482}
	EndGlobalSection
EndGlobal
