
Microsoft Visual Studio Solution File, Format Version 12.00
# Visual Studio 15
VisualStudioVersion = 15.0.27004.2010
MinimumVisualStudioVersion = 10.0.40219.1
Project("{FAE04EC0-301F-11D3-BF4B-00C04F79EFBC}") = "Softtek.Academy2018.SurveyApp.Domain", "Softtek.Academy2018.SurveyApp.Domain\Softtek.Academy2018.SurveyApp.Domain.csproj", "{B8EADA8F-BECA-4D71-8BA4-09BB90618308}"
EndProject
Project("{FAE04EC0-301F-11D3-BF4B-00C04F79EFBC}") = "Softtek.Academy2018.SurveyApp.Data", "Softtek.Academy2018.SurveyApp.Data\Softtek.Academy2018.SurveyApp.Data.csproj", "{9B93BBF6-0345-4F0A-94C9-6329F7B9BECE}"
EndProject
Project("{FAE04EC0-301F-11D3-BF4B-00C04F79EFBC}") = "Softtek.Academy2018.SurveyApp.Business", "Softtek.Academy2018.SurveyApp.Business\Softtek.Academy2018.SurveyApp.Business.csproj", "{8A242E14-F6F4-4300-A4C8-7ADD5B39F37E}"
EndProject
Global
	GlobalSection(SolutionConfigurationPlatforms) = preSolution
		Debug|Any CPU = Debug|Any CPU
		Release|Any CPU = Release|Any CPU
	EndGlobalSection
	GlobalSection(ProjectConfigurationPlatforms) = postSolution
		{B8EADA8F-BECA-4D71-8BA4-09BB90618308}.Debug|Any CPU.ActiveCfg = Debug|Any CPU
		{B8EADA8F-BECA-4D71-8BA4-09BB90618308}.Debug|Any CPU.Build.0 = Debug|Any CPU
		{B8EADA8F-BECA-4D71-8BA4-09BB90618308}.Release|Any CPU.ActiveCfg = Release|Any CPU
		{B8EADA8F-BECA-4D71-8BA4-09BB90618308}.Release|Any CPU.Build.0 = Release|Any CPU
		{9B93BBF6-0345-4F0A-94C9-6329F7B9BECE}.Debug|Any CPU.ActiveCfg = Debug|Any CPU
		{9B93BBF6-0345-4F0A-94C9-6329F7B9BECE}.Debug|Any CPU.Build.0 = Debug|Any CPU
		{9B93BBF6-0345-4F0A-94C9-6329F7B9BECE}.Release|Any CPU.ActiveCfg = Release|Any CPU
		{9B93BBF6-0345-4F0A-94C9-6329F7B9BECE}.Release|Any CPU.Build.0 = Release|Any CPU
		{8A242E14-F6F4-4300-A4C8-7ADD5B39F37E}.Debug|Any CPU.ActiveCfg = Debug|Any CPU
		{8A242E14-F6F4-4300-A4C8-7ADD5B39F37E}.Debug|Any CPU.Build.0 = Debug|Any CPU
		{8A242E14-F6F4-4300-A4C8-7ADD5B39F37E}.Release|Any CPU.ActiveCfg = Release|Any CPU
		{8A242E14-F6F4-4300-A4C8-7ADD5B39F37E}.Release|Any CPU.Build.0 = Release|Any CPU
	EndGlobalSection
	GlobalSection(SolutionProperties) = preSolution
		HideSolutionNode = FALSE
	EndGlobalSection
	GlobalSection(ExtensibilityGlobals) = postSolution
		SolutionGuid = {4EE76BBF-EF9E-4B43-A5A9-7A0C6105183B}
	EndGlobalSection
EndGlobal
