
Microsoft Visual Studio Solution File, Format Version 12.00
# Visual Studio 15
VisualStudioVersion = 15.0.27004.2010
MinimumVisualStudioVersion = 10.0.40219.1
Project("{FAE04EC0-301F-11D3-BF4B-00C04F79EFBC}") = "School", "School\School.csproj", "{3E2D30A5-7690-4B43-A87F-C770813D6A4C}"
EndProject
Global
	GlobalSection(SolutionConfigurationPlatforms) = preSolution
		Debug|Any CPU = Debug|Any CPU
		Release|Any CPU = Release|Any CPU
	EndGlobalSection
	GlobalSection(ProjectConfigurationPlatforms) = postSolution
		{3E2D30A5-7690-4B43-A87F-C770813D6A4C}.Debug|Any CPU.ActiveCfg = Debug|Any CPU
		{3E2D30A5-7690-4B43-A87F-C770813D6A4C}.Debug|Any CPU.Build.0 = Debug|Any CPU
		{3E2D30A5-7690-4B43-A87F-C770813D6A4C}.Release|Any CPU.ActiveCfg = Release|Any CPU
		{3E2D30A5-7690-4B43-A87F-C770813D6A4C}.Release|Any CPU.Build.0 = Release|Any CPU
	EndGlobalSection
	GlobalSection(SolutionProperties) = preSolution
		HideSolutionNode = FALSE
	EndGlobalSection
	GlobalSection(ExtensibilityGlobals) = postSolution
		SolutionGuid = {4E0BE254-74D2-402E-A12C-8D5A0E58647B}
	EndGlobalSection
EndGlobal
