
Microsoft Visual Studio Solution File, Format Version 12.00
# Visual Studio 15
VisualStudioVersion = 15.0.27004.2010
MinimumVisualStudioVersion = 10.0.40219.1
Project("{FAE04EC0-301F-11D3-BF4B-00C04F79EFBC}") = "Dia2Proyecto4", "Dia2Proyecto4\Dia2Proyecto4.csproj", "{DE0A7993-E74C-4DED-B387-4D59964809CE}"
EndProject
Project("{FAE04EC0-301F-11D3-BF4B-00C04F79EFBC}") = "Survey", "ClassLibrary1\Survey.csproj", "{569750FB-C083-4927-A031-4A1BF36FF94B}"
EndProject
Global
	GlobalSection(SolutionConfigurationPlatforms) = preSolution
		Debug|Any CPU = Debug|Any CPU
		Release|Any CPU = Release|Any CPU
	EndGlobalSection
	GlobalSection(ProjectConfigurationPlatforms) = postSolution
		{DE0A7993-E74C-4DED-B387-4D59964809CE}.Debug|Any CPU.ActiveCfg = Debug|Any CPU
		{DE0A7993-E74C-4DED-B387-4D59964809CE}.Debug|Any CPU.Build.0 = Debug|Any CPU
		{DE0A7993-E74C-4DED-B387-4D59964809CE}.Release|Any CPU.ActiveCfg = Release|Any CPU
		{DE0A7993-E74C-4DED-B387-4D59964809CE}.Release|Any CPU.Build.0 = Release|Any CPU
		{569750FB-C083-4927-A031-4A1BF36FF94B}.Debug|Any CPU.ActiveCfg = Debug|Any CPU
		{569750FB-C083-4927-A031-4A1BF36FF94B}.Debug|Any CPU.Build.0 = Debug|Any CPU
		{569750FB-C083-4927-A031-4A1BF36FF94B}.Release|Any CPU.ActiveCfg = Release|Any CPU
		{569750FB-C083-4927-A031-4A1BF36FF94B}.Release|Any CPU.Build.0 = Release|Any CPU
	EndGlobalSection
	GlobalSection(SolutionProperties) = preSolution
		HideSolutionNode = FALSE
	EndGlobalSection
	GlobalSection(ExtensibilityGlobals) = postSolution
		SolutionGuid = {F7AF6714-5950-4531-AE1A-DD871CD9ED2C}
	EndGlobalSection
EndGlobal
