
Microsoft Visual Studio Solution File, Format Version 12.00
# Visual Studio 15
VisualStudioVersion = 15.0.27004.2009
MinimumVisualStudioVersion = 10.0.40219.1
Project("{FAE04EC0-301F-11D3-BF4B-00C04F79EFBC}") = "Training", "Training\Training.csproj", "{666B9151-2140-4AAA-9E29-7AA73DB1E0F9}"
EndProject
Project("{FAE04EC0-301F-11D3-BF4B-00C04F79EFBC}") = "CoolCar", "CoolCar\CoolCar.csproj", "{3EC751B1-9F30-46A1-BD51-D9A7CB124316}"
EndProject
Global
	GlobalSection(SolutionConfigurationPlatforms) = preSolution
		Debug|Any CPU = Debug|Any CPU
		Release|Any CPU = Release|Any CPU
	EndGlobalSection
	GlobalSection(ProjectConfigurationPlatforms) = postSolution
		{666B9151-2140-4AAA-9E29-7AA73DB1E0F9}.Debug|Any CPU.ActiveCfg = Debug|Any CPU
		{666B9151-2140-4AAA-9E29-7AA73DB1E0F9}.Debug|Any CPU.Build.0 = Debug|Any CPU
		{666B9151-2140-4AAA-9E29-7AA73DB1E0F9}.Release|Any CPU.ActiveCfg = Release|Any CPU
		{666B9151-2140-4AAA-9E29-7AA73DB1E0F9}.Release|Any CPU.Build.0 = Release|Any CPU
		{3EC751B1-9F30-46A1-BD51-D9A7CB124316}.Debug|Any CPU.ActiveCfg = Debug|Any CPU
		{3EC751B1-9F30-46A1-BD51-D9A7CB124316}.Debug|Any CPU.Build.0 = Debug|Any CPU
		{3EC751B1-9F30-46A1-BD51-D9A7CB124316}.Release|Any CPU.ActiveCfg = Release|Any CPU
		{3EC751B1-9F30-46A1-BD51-D9A7CB124316}.Release|Any CPU.Build.0 = Release|Any CPU
	EndGlobalSection
	GlobalSection(SolutionProperties) = preSolution
		HideSolutionNode = FALSE
	EndGlobalSection
	GlobalSection(ExtensibilityGlobals) = postSolution
		SolutionGuid = {2066E6D6-6A91-4A11-B986-74A1A5319AA6}
	EndGlobalSection
EndGlobal
