
Microsoft Visual Studio Solution File, Format Version 12.00
# Visual Studio 15
VisualStudioVersion = 15.0.27004.2010
MinimumVisualStudioVersion = 10.0.40219.1
Project("{FAE04EC0-301F-11D3-BF4B-00C04F79EFBC}") = "ClassLibraryFrame", "ClassLibraryFrame\ClassLibraryFrame.csproj", "{773D2BB9-419D-434B-AC61-81755D530048}"
EndProject
Project("{FAE04EC0-301F-11D3-BF4B-00C04F79EFBC}") = "ConsoleAppFrame", "ConsoleAppFrame\ConsoleAppFrame.csproj", "{940C303D-073C-46CE-8565-B6518F93830C}"
EndProject
Global
	GlobalSection(SolutionConfigurationPlatforms) = preSolution
		Debug|Any CPU = Debug|Any CPU
		Release|Any CPU = Release|Any CPU
	EndGlobalSection
	GlobalSection(ProjectConfigurationPlatforms) = postSolution
		{773D2BB9-419D-434B-AC61-81755D530048}.Debug|Any CPU.ActiveCfg = Debug|Any CPU
		{773D2BB9-419D-434B-AC61-81755D530048}.Debug|Any CPU.Build.0 = Debug|Any CPU
		{773D2BB9-419D-434B-AC61-81755D530048}.Release|Any CPU.ActiveCfg = Release|Any CPU
		{773D2BB9-419D-434B-AC61-81755D530048}.Release|Any CPU.Build.0 = Release|Any CPU
		{940C303D-073C-46CE-8565-B6518F93830C}.Debug|Any CPU.ActiveCfg = Debug|Any CPU
		{940C303D-073C-46CE-8565-B6518F93830C}.Debug|Any CPU.Build.0 = Debug|Any CPU
		{940C303D-073C-46CE-8565-B6518F93830C}.Release|Any CPU.ActiveCfg = Release|Any CPU
		{940C303D-073C-46CE-8565-B6518F93830C}.Release|Any CPU.Build.0 = Release|Any CPU
	EndGlobalSection
	GlobalSection(SolutionProperties) = preSolution
		HideSolutionNode = FALSE
	EndGlobalSection
	GlobalSection(ExtensibilityGlobals) = postSolution
		SolutionGuid = {56D4C7CB-9EE9-4525-9F17-8E6096FFA326}
	EndGlobalSection
EndGlobal
