
Microsoft Visual Studio Solution File, Format Version 12.00
# Visual Studio 15
VisualStudioVersion = 15.0.27004.2010
MinimumVisualStudioVersion = 10.0.40219.1
Project("{FAE04EC0-301F-11D3-BF4B-00C04F79EFBC}") = "Softtek.Academy2018.Demo.Domain", "Softtek.Academy2018.Demo.Domain\Softtek.Academy2018.Demo.Domain.csproj", "{7D671F2A-1E7C-4EE4-8C5E-D832A5776418}"
EndProject
Project("{FAE04EC0-301F-11D3-BF4B-00C04F79EFBC}") = "Softtek.Academy2018.Demo.Data", "Softtek.Academy2018.Demo.Data\Softtek.Academy2018.Demo.Data.csproj", "{00B0B9CE-6E58-4367-9315-3C64B874EDD4}"
EndProject
Project("{FAE04EC0-301F-11D3-BF4B-00C04F79EFBC}") = "Softtek.Academy2018.Demo.Business", "Softtek.Academy2018.Demo.Business\Softtek.Academy2018.Demo.Business.csproj", "{2F2782CB-DB12-43A3-A446-48A9B61854AD}"
EndProject
Project("{FAE04EC0-301F-11D3-BF4B-00C04F79EFBC}") = "Softtek.Academy2018.Demo.BusinessTests", "Softtek.Academy2018.Demo.BusinessTests\Softtek.Academy2018.Demo.BusinessTests.csproj", "{BCA73E8A-7166-4E1D-AEDE-BEE716E7546C}"
EndProject
Project("{FAE04EC0-301F-11D3-BF4B-00C04F79EFBC}") = "softtek.Academy2018.Demo.Console", "softtek.Academy2018.Demo.Console\softtek.Academy2018.Demo.Console.csproj", "{1328CEB8-CE91-4F3E-AFFD-80125C22A4FE}"
EndProject
Global
	GlobalSection(SolutionConfigurationPlatforms) = preSolution
		Debug|Any CPU = Debug|Any CPU
		Release|Any CPU = Release|Any CPU
	EndGlobalSection
	GlobalSection(ProjectConfigurationPlatforms) = postSolution
		{7D671F2A-1E7C-4EE4-8C5E-D832A5776418}.Debug|Any CPU.ActiveCfg = Debug|Any CPU
		{7D671F2A-1E7C-4EE4-8C5E-D832A5776418}.Debug|Any CPU.Build.0 = Debug|Any CPU
		{7D671F2A-1E7C-4EE4-8C5E-D832A5776418}.Release|Any CPU.ActiveCfg = Release|Any CPU
		{7D671F2A-1E7C-4EE4-8C5E-D832A5776418}.Release|Any CPU.Build.0 = Release|Any CPU
		{00B0B9CE-6E58-4367-9315-3C64B874EDD4}.Debug|Any CPU.ActiveCfg = Debug|Any CPU
		{00B0B9CE-6E58-4367-9315-3C64B874EDD4}.Debug|Any CPU.Build.0 = Debug|Any CPU
		{00B0B9CE-6E58-4367-9315-3C64B874EDD4}.Release|Any CPU.ActiveCfg = Release|Any CPU
		{00B0B9CE-6E58-4367-9315-3C64B874EDD4}.Release|Any CPU.Build.0 = Release|Any CPU
		{2F2782CB-DB12-43A3-A446-48A9B61854AD}.Debug|Any CPU.ActiveCfg = Debug|Any CPU
		{2F2782CB-DB12-43A3-A446-48A9B61854AD}.Debug|Any CPU.Build.0 = Debug|Any CPU
		{2F2782CB-DB12-43A3-A446-48A9B61854AD}.Release|Any CPU.ActiveCfg = Release|Any CPU
		{2F2782CB-DB12-43A3-A446-48A9B61854AD}.Release|Any CPU.Build.0 = Release|Any CPU
		{BCA73E8A-7166-4E1D-AEDE-BEE716E7546C}.Debug|Any CPU.ActiveCfg = Debug|Any CPU
		{BCA73E8A-7166-4E1D-AEDE-BEE716E7546C}.Debug|Any CPU.Build.0 = Debug|Any CPU
		{BCA73E8A-7166-4E1D-AEDE-BEE716E7546C}.Release|Any CPU.ActiveCfg = Release|Any CPU
		{BCA73E8A-7166-4E1D-AEDE-BEE716E7546C}.Release|Any CPU.Build.0 = Release|Any CPU
		{1328CEB8-CE91-4F3E-AFFD-80125C22A4FE}.Debug|Any CPU.ActiveCfg = Debug|Any CPU
		{1328CEB8-CE91-4F3E-AFFD-80125C22A4FE}.Debug|Any CPU.Build.0 = Debug|Any CPU
		{1328CEB8-CE91-4F3E-AFFD-80125C22A4FE}.Release|Any CPU.ActiveCfg = Release|Any CPU
		{1328CEB8-CE91-4F3E-AFFD-80125C22A4FE}.Release|Any CPU.Build.0 = Release|Any CPU
	EndGlobalSection
	GlobalSection(SolutionProperties) = preSolution
		HideSolutionNode = FALSE
	EndGlobalSection
	GlobalSection(ExtensibilityGlobals) = postSolution
		SolutionGuid = {68E3531F-C965-4726-942F-EFDF0985B0AA}
	EndGlobalSection
EndGlobal
