
Microsoft Visual Studio Solution File, Format Version 12.00
# Visual Studio 15
VisualStudioVersion = 15.0.27004.2010
MinimumVisualStudioVersion = 10.0.40219.1
Project("{9A19103F-16F7-4668-BE54-9A1E7A4F7556}") = "Dia2Proyecto1", "ConsoleApp2\Dia2Proyecto1.csproj", "{DBFFD17D-3FCF-4F8F-9620-D7658C83DE46}"
EndProject
Global
	GlobalSection(SolutionConfigurationPlatforms) = preSolution
		Debug|Any CPU = Debug|Any CPU
		Release|Any CPU = Release|Any CPU
	EndGlobalSection
	GlobalSection(ProjectConfigurationPlatforms) = postSolution
		{DBFFD17D-3FCF-4F8F-9620-D7658C83DE46}.Debug|Any CPU.ActiveCfg = Debug|Any CPU
		{DBFFD17D-3FCF-4F8F-9620-D7658C83DE46}.Debug|Any CPU.Build.0 = Debug|Any CPU
		{DBFFD17D-3FCF-4F8F-9620-D7658C83DE46}.Release|Any CPU.ActiveCfg = Release|Any CPU
		{DBFFD17D-3FCF-4F8F-9620-D7658C83DE46}.Release|Any CPU.Build.0 = Release|Any CPU
	EndGlobalSection
	GlobalSection(SolutionProperties) = preSolution
		HideSolutionNode = FALSE
	EndGlobalSection
	GlobalSection(ExtensibilityGlobals) = postSolution
		SolutionGuid = {2E4D1DB4-CA9B-4FC7-91CA-39A2AB8AD145}
	EndGlobalSection
EndGlobal
